
Microsoft Visual Studio Solution File, Format Version 12.00
# Visual Studio Version 17
VisualStudioVersion = 17.10.35027.167
MinimumVisualStudioVersion = 10.0.40219.1
Project("{FAE04EC0-301F-11D3-BF4B-00C04F79EFBC}") = "Assigment 3 - Question 2", "Assigment 3 - Question 2\Assigment 3 - Question 2.csproj", "{9C6B3674-A117-4BC0-84F8-DA6927D5AF25}"
EndProject
Global
	GlobalSection(SolutionConfigurationPlatforms) = preSolution
		Debug|Any CPU = Debug|Any CPU
		Release|Any CPU = Release|Any CPU
	EndGlobalSection
	GlobalSection(ProjectConfigurationPlatforms) = postSolution
		{9C6B3674-A117-4BC0-84F8-DA6927D5AF25}.Debug|Any CPU.ActiveCfg = Debug|Any CPU
		{9C6B3674-A117-4BC0-84F8-DA6927D5AF25}.Debug|Any CPU.Build.0 = Debug|Any CPU
		{9C6B3674-A117-4BC0-84F8-DA6927D5AF25}.Release|Any CPU.ActiveCfg = Release|Any CPU
		{9C6B3674-A117-4BC0-84F8-DA6927D5AF25}.Release|Any CPU.Build.0 = Release|Any CPU
	EndGlobalSection
	GlobalSection(SolutionProperties) = preSolution
		HideSolutionNode = FALSE
	EndGlobalSection
	GlobalSection(ExtensibilityGlobals) = postSolution
		SolutionGuid = {703DCD3E-4334-451C-B5A5-40787D9C1033}
	EndGlobalSection
EndGlobal
